
Microsoft Visual Studio Solution File, Format Version 12.00
# Visual Studio Version 17
VisualStudioVersion = 17.6.33815.320
MinimumVisualStudioVersion = 10.0.40219.1
Project("{9A19103F-16F7-4668-BE54-9A1E7A4F7556}") = "KnowledgeBase.Data", "KnowledgeBase.Data\KnowledgeBase.Data.csproj", "{2CBF837C-F088-41E5-B004-16A76698319A}"
EndProject
Project("{9A19103F-16F7-4668-BE54-9A1E7A4F7556}") = "KnowledgeBase.Logic", "KnowledgeBase.Logic\KnowledgeBase.Logic.csproj", "{C6346312-C09A-4A16-9D61-43C6B2B2275D}"
EndProject
Project("{9A19103F-16F7-4668-BE54-9A1E7A4F7556}") = "KnowledgeBase.Web", "KnowledgeBase.Web\KnowledgeBase.Web.csproj", "{C81CB6AC-168E-4162-B2B0-B05A0D840518}"
EndProject
Project("{FAE04EC0-301F-11D3-BF4B-00C04F79EFBC}") = "KnowledgeBase.Shared", "KnowledgeBase.Shared\KnowledgeBase.Shared.csproj", "{C77378D1-F262-4AD3-8D0D-5FCAC6E2A754}"
EndProject
Project("{FAE04EC0-301F-11D3-BF4B-00C04F79EFBC}") = "KnowledgeBase.Tests", "KnowledgeBase.Tests\KnowledgeBase.Tests.csproj", "{A3D1B7A5-8257-4DFE-A7DA-FE2EB00841BA}"
EndProject
Global
	GlobalSection(SolutionConfigurationPlatforms) = preSolution
		Debug|Any CPU = Debug|Any CPU
		Release|Any CPU = Release|Any CPU
	EndGlobalSection
	GlobalSection(ProjectConfigurationPlatforms) = postSolution
		{2CBF837C-F088-41E5-B004-16A76698319A}.Debug|Any CPU.ActiveCfg = Debug|Any CPU
		{2CBF837C-F088-41E5-B004-16A76698319A}.Debug|Any CPU.Build.0 = Debug|Any CPU
		{2CBF837C-F088-41E5-B004-16A76698319A}.Release|Any CPU.ActiveCfg = Release|Any CPU
		{2CBF837C-F088-41E5-B004-16A76698319A}.Release|Any CPU.Build.0 = Release|Any CPU
		{C6346312-C09A-4A16-9D61-43C6B2B2275D}.Debug|Any CPU.ActiveCfg = Debug|Any CPU
		{C6346312-C09A-4A16-9D61-43C6B2B2275D}.Debug|Any CPU.Build.0 = Debug|Any CPU
		{C6346312-C09A-4A16-9D61-43C6B2B2275D}.Release|Any CPU.ActiveCfg = Release|Any CPU
		{C6346312-C09A-4A16-9D61-43C6B2B2275D}.Release|Any CPU.Build.0 = Release|Any CPU
		{C81CB6AC-168E-4162-B2B0-B05A0D840518}.Debug|Any CPU.ActiveCfg = Debug|Any CPU
		{C81CB6AC-168E-4162-B2B0-B05A0D840518}.Debug|Any CPU.Build.0 = Debug|Any CPU
		{C81CB6AC-168E-4162-B2B0-B05A0D840518}.Release|Any CPU.ActiveCfg = Release|Any CPU
		{C81CB6AC-168E-4162-B2B0-B05A0D840518}.Release|Any CPU.Build.0 = Release|Any CPU
		{C77378D1-F262-4AD3-8D0D-5FCAC6E2A754}.Debug|Any CPU.ActiveCfg = Debug|Any CPU
		{C77378D1-F262-4AD3-8D0D-5FCAC6E2A754}.Debug|Any CPU.Build.0 = Debug|Any CPU
		{C77378D1-F262-4AD3-8D0D-5FCAC6E2A754}.Release|Any CPU.ActiveCfg = Release|Any CPU
		{C77378D1-F262-4AD3-8D0D-5FCAC6E2A754}.Release|Any CPU.Build.0 = Release|Any CPU
		{A3D1B7A5-8257-4DFE-A7DA-FE2EB00841BA}.Debug|Any CPU.ActiveCfg = Debug|Any CPU
		{A3D1B7A5-8257-4DFE-A7DA-FE2EB00841BA}.Debug|Any CPU.Build.0 = Debug|Any CPU
		{A3D1B7A5-8257-4DFE-A7DA-FE2EB00841BA}.Release|Any CPU.ActiveCfg = Release|Any CPU
		{A3D1B7A5-8257-4DFE-A7DA-FE2EB00841BA}.Release|Any CPU.Build.0 = Release|Any CPU
	EndGlobalSection
	GlobalSection(SolutionProperties) = preSolution
		HideSolutionNode = FALSE
	EndGlobalSection
	GlobalSection(ExtensibilityGlobals) = postSolution
		SolutionGuid = {0054E1A5-7A0C-4AD6-A342-4D54A93031E4}
	EndGlobalSection
EndGlobal
