
Microsoft Visual Studio Solution File, Format Version 12.00
# Visual Studio Version 17
VisualStudioVersion = 17.6.33815.320
MinimumVisualStudioVersion = 10.0.40219.1
Project("{FAE04EC0-301F-11D3-BF4B-00C04F79EFBC}") = "KnowledgeBase.Web", "KnowledgeBase.Web\KnowledgeBase.Web.csproj", "{FDC143A8-D75D-4C7F-8BD9-295376DCC97A}"
EndProject
Project("{FAE04EC0-301F-11D3-BF4B-00C04F79EFBC}") = "KnowledgeBase.Data", "KnowledgeBase.Data\KnowledgeBase.Data.csproj", "{2CBF837C-F088-41E5-B004-16A76698319A}"
EndProject
Project("{FAE04EC0-301F-11D3-BF4B-00C04F79EFBC}") = "KnowledgeBase.Logic", "KnowledgeBase.Logic\KnowledgeBase.Logic.csproj", "{C6346312-C09A-4A16-9D61-43C6B2B2275D}"
EndProject
Global
	GlobalSection(SolutionConfigurationPlatforms) = preSolution
		Debug|Any CPU = Debug|Any CPU
		Release|Any CPU = Release|Any CPU
	EndGlobalSection
	GlobalSection(ProjectConfigurationPlatforms) = postSolution
		{FDC143A8-D75D-4C7F-8BD9-295376DCC97A}.Debug|Any CPU.ActiveCfg = Debug|Any CPU
		{FDC143A8-D75D-4C7F-8BD9-295376DCC97A}.Debug|Any CPU.Build.0 = Debug|Any CPU
		{FDC143A8-D75D-4C7F-8BD9-295376DCC97A}.Release|Any CPU.ActiveCfg = Release|Any CPU
		{FDC143A8-D75D-4C7F-8BD9-295376DCC97A}.Release|Any CPU.Build.0 = Release|Any CPU
		{2CBF837C-F088-41E5-B004-16A76698319A}.Debug|Any CPU.ActiveCfg = Debug|Any CPU
		{2CBF837C-F088-41E5-B004-16A76698319A}.Debug|Any CPU.Build.0 = Debug|Any CPU
		{2CBF837C-F088-41E5-B004-16A76698319A}.Release|Any CPU.ActiveCfg = Release|Any CPU
		{2CBF837C-F088-41E5-B004-16A76698319A}.Release|Any CPU.Build.0 = Release|Any CPU
		{C6346312-C09A-4A16-9D61-43C6B2B2275D}.Debug|Any CPU.ActiveCfg = Debug|Any CPU
		{C6346312-C09A-4A16-9D61-43C6B2B2275D}.Debug|Any CPU.Build.0 = Debug|Any CPU
		{C6346312-C09A-4A16-9D61-43C6B2B2275D}.Release|Any CPU.ActiveCfg = Release|Any CPU
		{C6346312-C09A-4A16-9D61-43C6B2B2275D}.Release|Any CPU.Build.0 = Release|Any CPU
	EndGlobalSection
	GlobalSection(SolutionProperties) = preSolution
		HideSolutionNode = FALSE
	EndGlobalSection
	GlobalSection(ExtensibilityGlobals) = postSolution
		SolutionGuid = {0054E1A5-7A0C-4AD6-A342-4D54A93031E4}
	EndGlobalSection
EndGlobal
